// !$*UTF8*$!
{
	archiveVersion = 1;
	classes = {
	};
	objectVersion = 52;
	objects = {

/* Begin PBXBuildFile section */
		B380D038245D70E400F8FFB7 /* extensions.swift in Sources */ = {isa = PBXBuildFile; fileRef = B380D034245D70E400F8FFB7 /* extensions.swift */; };
		B380D039245D70E400F8FFB7 /* SplitTraining.swift in Sources */ = {isa = PBXBuildFile; fileRef = B380D035245D70E400F8FFB7 /* SplitTraining.swift */; };
		B380D03A245D70E400F8FFB7 /* SearchResults.swift in Sources */ = {isa = PBXBuildFile; fileRef = B380D036245D70E400F8FFB7 /* SearchResults.swift */; };
		B380D03B245D70E400F8FFB7 /* main.swift in Sources */ = {isa = PBXBuildFile; fileRef = B380D037245D70E400F8FFB7 /* main.swift */; };
		B380D04E245DDBD600F8FFB7 /* SwiftPM-auto in Frameworks */ = {isa = PBXBuildFile; productRef = B380D04D245DDBD600F8FFB7 /* SwiftPM-auto */; };
		B380D050245DDCC500F8FFB7 /* FlickrController.swift in Sources */ = {isa = PBXBuildFile; fileRef = B380D04F245DDCC500F8FFB7 /* FlickrController.swift */; };
/* End PBXBuildFile section */

/* Begin PBXCopyFilesBuildPhase section */
		B380D045245DDB5600F8FFB7 /* Embed Frameworks */ = {
			isa = PBXCopyFilesBuildPhase;
			buildActionMask = 2147483647;
			dstPath = "";
			dstSubfolderSpec = 10;
			files = (
			);
			name = "Embed Frameworks";
			runOnlyForDeploymentPostprocessing = 0;
		};
		B3C7C49C20C7831B00C97621 /* CopyFiles */ = {
			isa = PBXCopyFilesBuildPhase;
			buildActionMask = 2147483647;
			dstPath = /usr/share/man/man1/;
			dstSubfolderSpec = 0;
			files = (
			);
			runOnlyForDeploymentPostprocessing = 1;
		};
/* End PBXCopyFilesBuildPhase section */

/* Begin PBXFileReference section */
		B380D034245D70E400F8FFB7 /* extensions.swift */ = {isa = PBXFileReference; fileEncoding = 4; lastKnownFileType = sourcecode.swift; name = extensions.swift; path = Sources/ImageSetDownloader/extensions.swift; sourceTree = SOURCE_ROOT; };
		B380D035245D70E400F8FFB7 /* SplitTraining.swift */ = {isa = PBXFileReference; fileEncoding = 4; lastKnownFileType = sourcecode.swift; name = SplitTraining.swift; path = Sources/ImageSetDownloader/SplitTraining.swift; sourceTree = SOURCE_ROOT; };
		B380D036245D70E400F8FFB7 /* SearchResults.swift */ = {isa = PBXFileReference; fileEncoding = 4; lastKnownFileType = sourcecode.swift; name = SearchResults.swift; path = Sources/ImageSetDownloader/SearchResults.swift; sourceTree = SOURCE_ROOT; };
		B380D037245D70E400F8FFB7 /* main.swift */ = {isa = PBXFileReference; fileEncoding = 4; lastKnownFileType = sourcecode.swift; name = main.swift; path = Sources/ImageSetDownloader/main.swift; sourceTree = SOURCE_ROOT; };
		B380D04F245DDCC500F8FFB7 /* FlickrController.swift */ = {isa = PBXFileReference; lastKnownFileType = sourcecode.swift; path = FlickrController.swift; sourceTree = "<group>"; };
		B3C7C49E20C7831B00C97621 /* ImageSetDownloader */ = {isa = PBXFileReference; explicitFileType = "compiled.mach-o.executable"; includeInIndex = 0; path = ImageSetDownloader; sourceTree = BUILT_PRODUCTS_DIR; };
/* End PBXFileReference section */

/* Begin PBXFrameworksBuildPhase section */
		B3C7C49B20C7831B00C97621 /* Frameworks */ = {
			isa = PBXFrameworksBuildPhase;
			buildActionMask = 2147483647;
			files = (
				B380D04E245DDBD600F8FFB7 /* SwiftPM-auto in Frameworks */,
			);
			runOnlyForDeploymentPostprocessing = 0;
		};
/* End PBXFrameworksBuildPhase section */

/* Begin PBXGroup section */
		B380D042245DDB5600F8FFB7 /* Frameworks */ = {
			isa = PBXGroup;
			children = (
			);
			name = Frameworks;
			sourceTree = "<group>";
		};
		B3C7C49520C7831B00C97621 = {
			isa = PBXGroup;
			children = (
				B3C7C4A020C7831B00C97621 /* ImageSetDownloader */,
				B3C7C49F20C7831B00C97621 /* Products */,
				B380D042245DDB5600F8FFB7 /* Frameworks */,
			);
			sourceTree = "<group>";
		};
		B3C7C49F20C7831B00C97621 /* Products */ = {
			isa = PBXGroup;
			children = (
				B3C7C49E20C7831B00C97621 /* ImageSetDownloader */,
			);
			name = Products;
			sourceTree = "<group>";
		};
		B3C7C4A020C7831B00C97621 /* ImageSetDownloader */ = {
			isa = PBXGroup;
			children = (
				B380D034245D70E400F8FFB7 /* extensions.swift */,
				B380D037245D70E400F8FFB7 /* main.swift */,
				B380D036245D70E400F8FFB7 /* SearchResults.swift */,
				B380D04F245DDCC500F8FFB7 /* FlickrController.swift */,
				B380D035245D70E400F8FFB7 /* SplitTraining.swift */,
			);
			path = ImageSetDownloader;
			sourceTree = "<group>";
		};
/* End PBXGroup section */

/* Begin PBXNativeTarget section */
		B3C7C49D20C7831B00C97621 /* ImageSetDownloader */ = {
			isa = PBXNativeTarget;
			buildConfigurationList = B3C7C4A520C7831B00C97621 /* Build configuration list for PBXNativeTarget "ImageSetDownloader" */;
			buildPhases = (
				B3C7C49A20C7831B00C97621 /* Sources */,
				B3C7C49B20C7831B00C97621 /* Frameworks */,
				B3C7C49C20C7831B00C97621 /* CopyFiles */,
				B380D045245DDB5600F8FFB7 /* Embed Frameworks */,
			);
			buildRules = (
			);
			dependencies = (
				B380D04C245DDBC800F8FFB7 /* PBXTargetDependency */,
			);
			name = ImageSetDownloader;
			packageProductDependencies = (
				B380D04D245DDBD600F8FFB7 /* SwiftPM-auto */,
			);
			productName = ImageSetDownloader;
			productReference = B3C7C49E20C7831B00C97621 /* ImageSetDownloader */;
			productType = "com.apple.product-type.tool";
		};
/* End PBXNativeTarget section */

/* Begin PBXProject section */
		B3C7C49620C7831B00C97621 /* Project object */ = {
			isa = PBXProject;
			attributes = {
				LastSwiftUpdateCheck = 1000;
				LastUpgradeCheck = 1000;
				ORGANIZATIONNAME = "Zeke Snider";
				TargetAttributes = {
					B3C7C49D20C7831B00C97621 = {
						CreatedOnToolsVersion = 10.0;
						LastSwiftMigration = 1140;
					};
				};
			};
			buildConfigurationList = B3C7C49920C7831B00C97621 /* Build configuration list for PBXProject "ImageSetDownloader" */;
			compatibilityVersion = "Xcode 9.3";
			developmentRegion = en;
			hasScannedForEncodings = 0;
			knownRegions = (
				en,
			);
			mainGroup = B3C7C49520C7831B00C97621;
			packageReferences = (
				B380D02F245D6F4F00F8FFB7 /* XCRemoteSwiftPackageReference "swift-package-manager" */,
			);
			productRefGroup = B3C7C49F20C7831B00C97621 /* Products */;
			projectDirPath = "";
			projectRoot = "";
			targets = (
				B3C7C49D20C7831B00C97621 /* ImageSetDownloader */,
			);
		};
/* End PBXProject section */

/* Begin PBXSourcesBuildPhase section */
		B3C7C49A20C7831B00C97621 /* Sources */ = {
			isa = PBXSourcesBuildPhase;
			buildActionMask = 2147483647;
			files = (
				B380D050245DDCC500F8FFB7 /* FlickrController.swift in Sources */,
				B380D039245D70E400F8FFB7 /* SplitTraining.swift in Sources */,
				B380D03A245D70E400F8FFB7 /* SearchResults.swift in Sources */,
				B380D03B245D70E400F8FFB7 /* main.swift in Sources */,
				B380D038245D70E400F8FFB7 /* extensions.swift in Sources */,
			);
			runOnlyForDeploymentPostprocessing = 0;
		};
/* End PBXSourcesBuildPhase section */

/* Begin PBXTargetDependency section */
		B380D04C245DDBC800F8FFB7 /* PBXTargetDependency */ = {
			isa = PBXTargetDependency;
			productRef = B380D04B245DDBC800F8FFB7 /* SwiftPM-auto */;
		};
/* End PBXTargetDependency section */

/* Begin XCBuildConfiguration section */
		B3C7C4A320C7831B00C97621 /* Debug */ = {
			isa = XCBuildConfiguration;
			buildSettings = {
				ALWAYS_SEARCH_USER_PATHS = NO;
				CLANG_ANALYZER_NONNULL = YES;
				CLANG_ANALYZER_NUMBER_OBJECT_CONVERSION = YES_AGGRESSIVE;
				CLANG_CXX_LANGUAGE_STANDARD = "gnu++14";
				CLANG_CXX_LIBRARY = "libc++";
				CLANG_ENABLE_MODULES = YES;
				CLANG_ENABLE_OBJC_ARC = YES;
				CLANG_ENABLE_OBJC_WEAK = YES;
				CLANG_WARN_BLOCK_CAPTURE_AUTORELEASING = YES;
				CLANG_WARN_BOOL_CONVERSION = YES;
				CLANG_WARN_COMMA = YES;
				CLANG_WARN_CONSTANT_CONVERSION = YES;
				CLANG_WARN_DEPRECATED_OBJC_IMPLEMENTATIONS = YES;
				CLANG_WARN_DIRECT_OBJC_ISA_USAGE = YES_ERROR;
				CLANG_WARN_DOCUMENTATION_COMMENTS = YES;
				CLANG_WARN_EMPTY_BODY = YES;
				CLANG_WARN_ENUM_CONVERSION = YES;
				CLANG_WARN_INFINITE_RECURSION = YES;
				CLANG_WARN_INT_CONVERSION = YES;
				CLANG_WARN_NON_LITERAL_NULL_CONVERSION = YES;
				CLANG_WARN_OBJC_IMPLICIT_RETAIN_SELF = YES;
				CLANG_WARN_OBJC_LITERAL_CONVERSION = YES;
				CLANG_WARN_OBJC_ROOT_CLASS = YES_ERROR;
				CLANG_WARN_RANGE_LOOP_ANALYSIS = YES;
				CLANG_WARN_STRICT_PROTOTYPES = YES;
				CLANG_WARN_SUSPICIOUS_MOVE = YES;
				CLANG_WARN_UNGUARDED_AVAILABILITY = YES_AGGRESSIVE;
				CLANG_WARN_UNREACHABLE_CODE = YES;
				CLANG_WARN__DUPLICATE_METHOD_MATCH = YES;
				CODE_SIGN_IDENTITY = "Mac Developer";
				COPY_PHASE_STRIP = NO;
				DEBUG_INFORMATION_FORMAT = dwarf;
				ENABLE_STRICT_OBJC_MSGSEND = YES;
				ENABLE_TESTABILITY = YES;
				GCC_C_LANGUAGE_STANDARD = gnu11;
				GCC_DYNAMIC_NO_PIC = NO;
				GCC_NO_COMMON_BLOCKS = YES;
				GCC_OPTIMIZATION_LEVEL = 0;
				GCC_PREPROCESSOR_DEFINITIONS = (
					"DEBUG=1",
					"$(inherited)",
				);
				GCC_WARN_64_TO_32_BIT_CONVERSION = YES;
				GCC_WARN_ABOUT_RETURN_TYPE = YES_ERROR;
				GCC_WARN_UNDECLARED_SELECTOR = YES;
				GCC_WARN_UNINITIALIZED_AUTOS = YES_AGGRESSIVE;
				GCC_WARN_UNUSED_FUNCTION = YES;
				GCC_WARN_UNUSED_VARIABLE = YES;
				MACOSX_DEPLOYMENT_TARGET = 10.13;
				MTL_ENABLE_DEBUG_INFO = INCLUDE_SOURCE;
				ONLY_ACTIVE_ARCH = YES;
				SDKROOT = macosx;
				SWIFT_ACTIVE_COMPILATION_CONDITIONS = DEBUG;
				SWIFT_OPTIMIZATION_LEVEL = "-Onone";
			};
			name = Debug;
		};
		B3C7C4A420C7831B00C97621 /* Release */ = {
			isa = XCBuildConfiguration;
			buildSettings = {
				ALWAYS_SEARCH_USER_PATHS = NO;
				CLANG_ANALYZER_NONNULL = YES;
				CLANG_ANALYZER_NUMBER_OBJECT_CONVERSION = YES_AGGRESSIVE;
				CLANG_CXX_LANGUAGE_STANDARD = "gnu++14";
				CLANG_CXX_LIBRARY = "libc++";
				CLANG_ENABLE_MODULES = YES;
				CLANG_ENABLE_OBJC_ARC = YES;
				CLANG_ENABLE_OBJC_WEAK = YES;
				CLANG_WARN_BLOCK_CAPTURE_AUTORELEASING = YES;
				CLANG_WARN_BOOL_CONVERSION = YES;
				CLANG_WARN_COMMA = YES;
				CLANG_WARN_CONSTANT_CONVERSION = YES;
				CLANG_WARN_DEPRECATED_OBJC_IMPLEMENTATIONS = YES;
				CLANG_WARN_DIRECT_OBJC_ISA_USAGE = YES_ERROR;
				CLANG_WARN_DOCUMENTATION_COMMENTS = YES;
				CLANG_WARN_EMPTY_BODY = YES;
				CLANG_WARN_ENUM_CONVERSION = YES;
				CLANG_WARN_INFINITE_RECURSION = YES;
				CLANG_WARN_INT_CONVERSION = YES;
				CLANG_WARN_NON_LITERAL_NULL_CONVERSION = YES;
				CLANG_WARN_OBJC_IMPLICIT_RETAIN_SELF = YES;
				CLANG_WARN_OBJC_LITERAL_CONVERSION = YES;
				CLANG_WARN_OBJC_ROOT_CLASS = YES_ERROR;
				CLANG_WARN_RANGE_LOOP_ANALYSIS = YES;
				CLANG_WARN_STRICT_PROTOTYPES = YES;
				CLANG_WARN_SUSPICIOUS_MOVE = YES;
				CLANG_WARN_UNGUARDED_AVAILABILITY = YES_AGGRESSIVE;
				CLANG_WARN_UNREACHABLE_CODE = YES;
				CLANG_WARN__DUPLICATE_METHOD_MATCH = YES;
				CODE_SIGN_IDENTITY = "Mac Developer";
				COPY_PHASE_STRIP = NO;
				DEBUG_INFORMATION_FORMAT = "dwarf-with-dsym";
				ENABLE_NS_ASSERTIONS = NO;
				ENABLE_STRICT_OBJC_MSGSEND = YES;
				GCC_C_LANGUAGE_STANDARD = gnu11;
				GCC_NO_COMMON_BLOCKS = YES;
				GCC_WARN_64_TO_32_BIT_CONVERSION = YES;
				GCC_WARN_ABOUT_RETURN_TYPE = YES_ERROR;
				GCC_WARN_UNDECLARED_SELECTOR = YES;
				GCC_WARN_UNINITIALIZED_AUTOS = YES_AGGRESSIVE;
				GCC_WARN_UNUSED_FUNCTION = YES;
				GCC_WARN_UNUSED_VARIABLE = YES;
				MACOSX_DEPLOYMENT_TARGET = 10.13;
				MTL_ENABLE_DEBUG_INFO = NO;
				SDKROOT = macosx;
				SWIFT_COMPILATION_MODE = wholemodule;
				SWIFT_OPTIMIZATION_LEVEL = "-O";
			};
			name = Release;
		};
		B3C7C4A620C7831B00C97621 /* Debug */ = {
			isa = XCBuildConfiguration;
			buildSettings = {
				CLANG_ENABLE_MODULES = YES;
				CODE_SIGN_STYLE = Automatic;
				DEVELOPMENT_TEAM = C7LJ587XF3;
				LD_RUNPATH_SEARCH_PATHS = (
					"$(inherited)",
					"@executable_path/../Frameworks",
					"@loader_path/../Frameworks",
				);
				PRODUCT_NAME = "$(TARGET_NAME)";
				SWIFT_OPTIMIZATION_LEVEL = "-Onone";
				SWIFT_VERSION = 4.0;
			};
			name = Debug;
		};
		B3C7C4A720C7831B00C97621 /* Release */ = {
			isa = XCBuildConfiguration;
			buildSettings = {
				CLANG_ENABLE_MODULES = YES;
				CODE_SIGN_STYLE = Automatic;
				DEVELOPMENT_TEAM = C7LJ587XF3;
				LD_RUNPATH_SEARCH_PATHS = (
					"$(inherited)",
					"@executable_path/../Frameworks",
					"@loader_path/../Frameworks",
				);
				PRODUCT_NAME = "$(TARGET_NAME)";
				SWIFT_VERSION = 4.0;
			};
			name = Release;
		};
/* End XCBuildConfiguration section */

/* Begin XCConfigurationList section */
		B3C7C49920C7831B00C97621 /* Build configuration list for PBXProject "ImageSetDownloader" */ = {
			isa = XCConfigurationList;
			buildConfigurations = (
				B3C7C4A320C7831B00C97621 /* Debug */,
				B3C7C4A420C7831B00C97621 /* Release */,
			);
			defaultConfigurationIsVisible = 0;
			defaultConfigurationName = Release;
		};
		B3C7C4A520C7831B00C97621 /* Build configuration list for PBXNativeTarget "ImageSetDownloader" */ = {
			isa = XCConfigurationList;
			buildConfigurations = (
				B3C7C4A620C7831B00C97621 /* Debug */,
				B3C7C4A720C7831B00C97621 /* Release */,
			);
			defaultConfigurationIsVisible = 0;
			defaultConfigurationName = Release;
		};
/* End XCConfigurationList section */

/* Begin XCRemoteSwiftPackageReference section */
		B380D02F245D6F4F00F8FFB7 /* XCRemoteSwiftPackageReference "swift-package-manager" */ = {
			isa = XCRemoteSwiftPackageReference;
			repositoryURL = "https://github.com/apple/swift-package-manager.git";
			requirement = {
				kind = upToNextMajorVersion;
				minimumVersion = 0.6.0;
			};
		};
/* End XCRemoteSwiftPackageReference section */

/* Begin XCSwiftPackageProductDependency section */
		B380D04B245DDBC800F8FFB7 /* SwiftPM-auto */ = {
			isa = XCSwiftPackageProductDependency;
			package = B380D02F245D6F4F00F8FFB7 /* XCRemoteSwiftPackageReference "swift-package-manager" */;
			productName = "SwiftPM-auto";
		};
		B380D04D245DDBD600F8FFB7 /* SwiftPM-auto */ = {
			isa = XCSwiftPackageProductDependency;
			package = B380D02F245D6F4F00F8FFB7 /* XCRemoteSwiftPackageReference "swift-package-manager" */;
			productName = "SwiftPM-auto";
		};
/* End XCSwiftPackageProductDependency section */
	};
	rootObject = B3C7C49620C7831B00C97621 /* Project object */;
}
